{
  "name": "05-proyecto",
  "version": "1.0.0",
  "lockfileVersion": 1,
  "requires": true,
  "dependencies": {
    "libraryfundamentos": {
      "version": "1.1.2",
      "resolved": "https://registry.npmjs.org/libraryfundamentos/-/libraryfundamentos-1.1.2.tgz",
      "integrity": "sha512-f/sUmdZpa7jIlsLhKtcn3BmBaTtiMsGmk7XY+mt9PDPSjXVlktY4ff/ygpxZKQ93+y06YE06RUFAJLQvm3hYCw=="
    }
  }
}
