{
  "requires": true,
  "lockfileVersion": 1,
  "dependencies": {
    "libraryfundamentos": {
      "version": "1.0.0",
      "resolved": "https://registry.npmjs.org/libraryfundamentos/-/libraryfundamentos-1.0.0.tgz",
      "integrity": "sha512-kOgTSQisBWittdWH0nXzm9mOe+aD5X3Lam71ArhAu/SAOOCsaSOfDe+8u/FDzDs/vRwIjVAJuTYAWSaKq1zl/g=="
    },
    "libreria": {
      "version": "1.1.0",
      "resolved": "https://registry.npmjs.org/libreria/-/libreria-1.1.0.tgz",
      "integrity": "sha1-0coS+stFqg4JPNkSqiayuagM19A="
    }
  }
}
